
Microsoft Visual Studio Solution File, Format Version 12.00
# Visual Studio Version 17
VisualStudioVersion = 17.10.35004.147
MinimumVisualStudioVersion = 10.0.40219.1
Project("{9A19103F-16F7-4668-BE54-9A1E7A4F7556}") = "GuitarStore.Api", "GuitarStore.Api\GuitarStore.Api.csproj", "{7AFDD0A1-EDE8-44FC-A602-342726857209}"
EndProject
Project("{9A19103F-16F7-4668-BE54-9A1E7A4F7556}") = "GuitarStore.Tests", "GuitarStore.Tests\GuitarStore.Tests.csproj", "{09D58F97-8306-40FE-A3C7-BBACBBB28FFD}"
EndProject
Project("{FAE04EC0-301F-11D3-BF4B-00C04F79EFBC}") = "GuitarStore.Infrastructure", "GuitarStore.Infrastructure\GuitarStore.Infrastructure.csproj", "{1EA05DC0-4795-4BA1-A0CD-B939FE6BE72A}"
EndProject
Global
	GlobalSection(SolutionConfigurationPlatforms) = preSolution
		Debug|Any CPU = Debug|Any CPU
		Release|Any CPU = Release|Any CPU
	EndGlobalSection
	GlobalSection(ProjectConfigurationPlatforms) = postSolution
		{7AFDD0A1-EDE8-44FC-A602-342726857209}.Debug|Any CPU.ActiveCfg = Debug|Any CPU
		{7AFDD0A1-EDE8-44FC-A602-342726857209}.Debug|Any CPU.Build.0 = Debug|Any CPU
		{7AFDD0A1-EDE8-44FC-A602-342726857209}.Release|Any CPU.ActiveCfg = Release|Any CPU
		{7AFDD0A1-EDE8-44FC-A602-342726857209}.Release|Any CPU.Build.0 = Release|Any CPU
		{09D58F97-8306-40FE-A3C7-BBACBBB28FFD}.Debug|Any CPU.ActiveCfg = Debug|Any CPU
		{09D58F97-8306-40FE-A3C7-BBACBBB28FFD}.Debug|Any CPU.Build.0 = Debug|Any CPU
		{09D58F97-8306-40FE-A3C7-BBACBBB28FFD}.Release|Any CPU.ActiveCfg = Release|Any CPU
		{09D58F97-8306-40FE-A3C7-BBACBBB28FFD}.Release|Any CPU.Build.0 = Release|Any CPU
		{1EA05DC0-4795-4BA1-A0CD-B939FE6BE72A}.Debug|Any CPU.ActiveCfg = Debug|Any CPU
		{1EA05DC0-4795-4BA1-A0CD-B939FE6BE72A}.Debug|Any CPU.Build.0 = Debug|Any CPU
		{1EA05DC0-4795-4BA1-A0CD-B939FE6BE72A}.Release|Any CPU.ActiveCfg = Release|Any CPU
		{1EA05DC0-4795-4BA1-A0CD-B939FE6BE72A}.Release|Any CPU.Build.0 = Release|Any CPU
	EndGlobalSection
	GlobalSection(SolutionProperties) = preSolution
		HideSolutionNode = FALSE
	EndGlobalSection
	GlobalSection(ExtensibilityGlobals) = postSolution
		SolutionGuid = {AE2E7ABF-27E1-4E22-9B30-106FA6A13515}
	EndGlobalSection
EndGlobal
